
Microsoft Visual Studio Solution File, Format Version 12.00
# Visual Studio 2012
Project("{FAE04EC0-301F-11D3-BF4B-00C04F79EFBC}") = "TestTask.Executable", "TestTask.Executable\TestTask.Executable.csproj", "{41FCEC1A-2193-4DD4-911D-D8AFC71E6D0E}"
EndProject
Project("{FAE04EC0-301F-11D3-BF4B-00C04F79EFBC}") = "TestTask.MathLibrary", "TestTask.MathLibrary\TestTask.MathLibrary.csproj", "{1F384A20-0E0D-4400-A7BB-FE75D67F42CD}"
EndProject
Project("{FAE04EC0-301F-11D3-BF4B-00C04F79EFBC}") = "TestTask.UnitTests", "TestTask.UnitTests\TestTask.UnitTests.csproj", "{2A159F34-B29D-42D0-BD86-FF374D274302}"
EndProject
Project("{2150E333-8FDC-42A3-9474-1A3956D46DE8}") = "Solution Items", "Solution Items", "{9F25AFC9-6701-479C-BE23-39134290C9EF}"
	ProjectSection(SolutionItems) = preProject
		..\README = ..\README
	EndProjectSection
EndProject
Global
	GlobalSection(SolutionConfigurationPlatforms) = preSolution
		Debug|Any CPU = Debug|Any CPU
		Release|Any CPU = Release|Any CPU
	EndGlobalSection
	GlobalSection(ProjectConfigurationPlatforms) = postSolution
		{41FCEC1A-2193-4DD4-911D-D8AFC71E6D0E}.Debug|Any CPU.ActiveCfg = Debug|Any CPU
		{41FCEC1A-2193-4DD4-911D-D8AFC71E6D0E}.Debug|Any CPU.Build.0 = Debug|Any CPU
		{41FCEC1A-2193-4DD4-911D-D8AFC71E6D0E}.Release|Any CPU.ActiveCfg = Release|Any CPU
		{41FCEC1A-2193-4DD4-911D-D8AFC71E6D0E}.Release|Any CPU.Build.0 = Release|Any CPU
		{1F384A20-0E0D-4400-A7BB-FE75D67F42CD}.Debug|Any CPU.ActiveCfg = Debug|Any CPU
		{1F384A20-0E0D-4400-A7BB-FE75D67F42CD}.Debug|Any CPU.Build.0 = Debug|Any CPU
		{1F384A20-0E0D-4400-A7BB-FE75D67F42CD}.Release|Any CPU.ActiveCfg = Release|Any CPU
		{1F384A20-0E0D-4400-A7BB-FE75D67F42CD}.Release|Any CPU.Build.0 = Release|Any CPU
		{2A159F34-B29D-42D0-BD86-FF374D274302}.Debug|Any CPU.ActiveCfg = Debug|Any CPU
		{2A159F34-B29D-42D0-BD86-FF374D274302}.Debug|Any CPU.Build.0 = Debug|Any CPU
		{2A159F34-B29D-42D0-BD86-FF374D274302}.Release|Any CPU.ActiveCfg = Release|Any CPU
		{2A159F34-B29D-42D0-BD86-FF374D274302}.Release|Any CPU.Build.0 = Release|Any CPU
	EndGlobalSection
	GlobalSection(SolutionProperties) = preSolution
		HideSolutionNode = FALSE
	EndGlobalSection
EndGlobal
